
Microsoft Visual Studio Solution File, Format Version 12.00
# Visual Studio Version 16
VisualStudioVersion = 16.0.29318.209
MinimumVisualStudioVersion = 10.0.40219.1
Project("{FAE04EC0-301F-11D3-BF4B-00C04F79EFBC}") = "CatsAndDogsOOP", "CatsAndDogsOOP\CatsAndDogsOOP.csproj", "{3A1E30D5-A740-42C6-BBF7-261424C2D92D}"
EndProject
Global
	GlobalSection(SolutionConfigurationPlatforms) = preSolution
		Debug|Any CPU = Debug|Any CPU
		Release|Any CPU = Release|Any CPU
	EndGlobalSection
	GlobalSection(ProjectConfigurationPlatforms) = postSolution
		{3A1E30D5-A740-42C6-BBF7-261424C2D92D}.Debug|Any CPU.ActiveCfg = Debug|Any CPU
		{3A1E30D5-A740-42C6-BBF7-261424C2D92D}.Debug|Any CPU.Build.0 = Debug|Any CPU
		{3A1E30D5-A740-42C6-BBF7-261424C2D92D}.Release|Any CPU.ActiveCfg = Release|Any CPU
		{3A1E30D5-A740-42C6-BBF7-261424C2D92D}.Release|Any CPU.Build.0 = Release|Any CPU
	EndGlobalSection
	GlobalSection(SolutionProperties) = preSolution
		HideSolutionNode = FALSE
	EndGlobalSection
	GlobalSection(ExtensibilityGlobals) = postSolution
		SolutionGuid = {4A5141B7-F89F-4EBF-B822-E20C11957AD0}
	EndGlobalSection
EndGlobal
